
Microsoft Visual Studio Solution File, Format Version 11.00
# Visual C++ Express 2010
Project("{8BC9CEB8-8B4A-11D0-8D11-00A0C91BC942}") = "Final Project RPG", "Final Project RPG\Final Project RPG.vcxproj", "{4D4989AF-3D6C-48A3-8655-A29E4EC6544C}"
EndProject
Project("{8BC9CEB8-8B4A-11D0-8D11-00A0C91BC942}") = "Nyan", "..\Waterbottle\Waterbottle\Waterbottle.vcxproj", "{FA5D91FB-1E3E-421B-BD0F-D3B011168ADC}"
EndProject
Project("{8BC9CEB8-8B4A-11D0-8D11-00A0C91BC942}") = "Text Based Adventure SWAG SWAG SWAG", "..\Text Based Adventure SWAG SWAG SWAG\Text Based Adventure SWAG SWAG SWAG\Text Based Adventure SWAG SWAG SWAG.vcxproj", "{798A9DB5-6A03-4EEB-867A-14909F92964A}"
EndProject
Project("{8BC9CEB8-8B4A-11D0-8D11-00A0C91BC942}") = "Prohecto", "..\Logic\Prohecto\Prohecto.vcxproj", "{5A6AAFA5-33D7-4CBE-A2C7-621341C01960}"
EndProject
Global
	GlobalSection(SolutionConfigurationPlatforms) = preSolution
		Debug|Win32 = Debug|Win32
		Release|Win32 = Release|Win32
	EndGlobalSection
	GlobalSection(ProjectConfigurationPlatforms) = postSolution
		{4D4989AF-3D6C-48A3-8655-A29E4EC6544C}.Debug|Win32.ActiveCfg = Debug|Win32
		{4D4989AF-3D6C-48A3-8655-A29E4EC6544C}.Debug|Win32.Build.0 = Debug|Win32
		{4D4989AF-3D6C-48A3-8655-A29E4EC6544C}.Release|Win32.ActiveCfg = Release|Win32
		{4D4989AF-3D6C-48A3-8655-A29E4EC6544C}.Release|Win32.Build.0 = Release|Win32
		{FA5D91FB-1E3E-421B-BD0F-D3B011168ADC}.Debug|Win32.ActiveCfg = Debug|Win32
		{FA5D91FB-1E3E-421B-BD0F-D3B011168ADC}.Debug|Win32.Build.0 = Debug|Win32
		{FA5D91FB-1E3E-421B-BD0F-D3B011168ADC}.Release|Win32.ActiveCfg = Release|Win32
		{FA5D91FB-1E3E-421B-BD0F-D3B011168ADC}.Release|Win32.Build.0 = Release|Win32
		{798A9DB5-6A03-4EEB-867A-14909F92964A}.Debug|Win32.ActiveCfg = Debug|Win32
		{798A9DB5-6A03-4EEB-867A-14909F92964A}.Debug|Win32.Build.0 = Debug|Win32
		{798A9DB5-6A03-4EEB-867A-14909F92964A}.Release|Win32.ActiveCfg = Release|Win32
		{798A9DB5-6A03-4EEB-867A-14909F92964A}.Release|Win32.Build.0 = Release|Win32
		{5A6AAFA5-33D7-4CBE-A2C7-621341C01960}.Debug|Win32.ActiveCfg = Debug|Win32
		{5A6AAFA5-33D7-4CBE-A2C7-621341C01960}.Debug|Win32.Build.0 = Debug|Win32
		{5A6AAFA5-33D7-4CBE-A2C7-621341C01960}.Release|Win32.ActiveCfg = Release|Win32
		{5A6AAFA5-33D7-4CBE-A2C7-621341C01960}.Release|Win32.Build.0 = Release|Win32
	EndGlobalSection
	GlobalSection(SolutionProperties) = preSolution
		HideSolutionNode = FALSE
	EndGlobalSection
EndGlobal
